
Microsoft Visual Studio Solution File, Format Version 12.00
# Visual Studio Version 16
VisualStudioVersion = 16.0.31424.327
MinimumVisualStudioVersion = 10.0.40219.1
Project("{FAE04EC0-301F-11D3-BF4B-00C04F79EFBC}") = "BaseFramework", "BaseFramework\BaseFramework.csproj", "{6DB266F4-FEE6-4E04-8A80-CA3441A1380A}"
EndProject
Project("{FAE04EC0-301F-11D3-BF4B-00C04F79EFBC}") = "automationpractice.com", "automationpractice.com\automationpractice.com.csproj", "{F5517772-EEF0-40AE-B95F-CC8D720A617C}"
EndProject
Global
	GlobalSection(SolutionConfigurationPlatforms) = preSolution
		Debug|Any CPU = Debug|Any CPU
		Release|Any CPU = Release|Any CPU
	EndGlobalSection
	GlobalSection(ProjectConfigurationPlatforms) = postSolution
		{6DB266F4-FEE6-4E04-8A80-CA3441A1380A}.Debug|Any CPU.ActiveCfg = Debug|Any CPU
		{6DB266F4-FEE6-4E04-8A80-CA3441A1380A}.Debug|Any CPU.Build.0 = Debug|Any CPU
		{6DB266F4-FEE6-4E04-8A80-CA3441A1380A}.Release|Any CPU.ActiveCfg = Release|Any CPU
		{6DB266F4-FEE6-4E04-8A80-CA3441A1380A}.Release|Any CPU.Build.0 = Release|Any CPU
		{F5517772-EEF0-40AE-B95F-CC8D720A617C}.Debug|Any CPU.ActiveCfg = Debug|Any CPU
		{F5517772-EEF0-40AE-B95F-CC8D720A617C}.Debug|Any CPU.Build.0 = Debug|Any CPU
		{F5517772-EEF0-40AE-B95F-CC8D720A617C}.Release|Any CPU.ActiveCfg = Release|Any CPU
		{F5517772-EEF0-40AE-B95F-CC8D720A617C}.Release|Any CPU.Build.0 = Release|Any CPU
	EndGlobalSection
	GlobalSection(SolutionProperties) = preSolution
		HideSolutionNode = FALSE
	EndGlobalSection
	GlobalSection(ExtensibilityGlobals) = postSolution
		SolutionGuid = {7F44EB53-3386-4696-B1BB-D5639C4D545D}
	EndGlobalSection
EndGlobal
